// !$*UTF8*$!
{
	archiveVersion = 1;
	classes = {
	};
	objectVersion = 46;
	objects = {

/* Begin PBXBuildFile section */
		4FF217981A20E9BC0005449B /* main.m in Sources */ = {isa = PBXBuildFile; fileRef = 4FF217971A20E9BC0005449B /* main.m */; };
		4FF2179B1A20E9BC0005449B /* AppDelegate.m in Sources */ = {isa = PBXBuildFile; fileRef = 4FF2179A1A20E9BC0005449B /* AppDelegate.m */; };
		4FF2179E1A20E9BC0005449B /* ViewController.m in Sources */ = {isa = PBXBuildFile; fileRef = 4FF2179D1A20E9BC0005449B /* ViewController.m */; };
		4FF217A11A20E9BC0005449B /* Main.storyboard in Resources */ = {isa = PBXBuildFile; fileRef = 4FF2179F1A20E9BC0005449B /* Main.storyboard */; };
		4FF217A31A20E9BC0005449B /* Images.xcassets in Resources */ = {isa = PBXBuildFile; fileRef = 4FF217A21A20E9BC0005449B /* Images.xcassets */; };
		4FF217A61A20E9BC0005449B /* LaunchScreen.xib in Resources */ = {isa = PBXBuildFile; fileRef = 4FF217A41A20E9BC0005449B /* LaunchScreen.xib */; };
		4FF217B21A20E9BC0005449B /* airtimetcpTests.m in Sources */ = {isa = PBXBuildFile; fileRef = 4FF217B11A20E9BC0005449B /* airtimetcpTests.m */; };
		4FF217BF1A20EAD40005449B /* GCDAsyncSocket.m in Sources */ = {isa = PBXBuildFile; fileRef = 4FF217BE1A20EAD40005449B /* GCDAsyncSocket.m */; };
		4FF217C51A21038A0005449B /* NetworkManager.m in Sources */ = {isa = PBXBuildFile; fileRef = 4FF217C41A21038A0005449B /* NetworkManager.m */; };
		4FF217D01A2215840005449B /* PackageProcessor.m in Sources */ = {isa = PBXBuildFile; fileRef = 4FF217CD1A2215840005449B /* PackageProcessor.m */; };
		4FF217D11A2215840005449B /* Packet.m in Sources */ = {isa = PBXBuildFile; fileRef = 4FF217CF1A2215840005449B /* Packet.m */; };
/* End PBXBuildFile section */

/* Begin PBXContainerItemProxy section */
		4FF217AC1A20E9BC0005449B /* PBXContainerItemProxy */ = {
			isa = PBXContainerItemProxy;
			containerPortal = 4FF2178A1A20E9BC0005449B /* Project object */;
			proxyType = 1;
			remoteGlobalIDString = 4FF217911A20E9BC0005449B;
			remoteInfo = airtimetcp;
		};
/* End PBXContainerItemProxy section */

/* Begin PBXFileReference section */
		4FF217921A20E9BC0005449B /* airtimetcp.app */ = {isa = PBXFileReference; explicitFileType = wrapper.application; includeInIndex = 0; path = airtimetcp.app; sourceTree = BUILT_PRODUCTS_DIR; };
		4FF217961A20E9BC0005449B /* Info.plist */ = {isa = PBXFileReference; lastKnownFileType = text.plist.xml; path = Info.plist; sourceTree = "<group>"; };
		4FF217971A20E9BC0005449B /* main.m */ = {isa = PBXFileReference; lastKnownFileType = sourcecode.c.objc; path = main.m; sourceTree = "<group>"; };
		4FF217991A20E9BC0005449B /* AppDelegate.h */ = {isa = PBXFileReference; lastKnownFileType = sourcecode.c.h; path = AppDelegate.h; sourceTree = "<group>"; };
		4FF2179A1A20E9BC0005449B /* AppDelegate.m */ = {isa = PBXFileReference; lastKnownFileType = sourcecode.c.objc; path = AppDelegate.m; sourceTree = "<group>"; };
		4FF2179C1A20E9BC0005449B /* ViewController.h */ = {isa = PBXFileReference; lastKnownFileType = sourcecode.c.h; path = ViewController.h; sourceTree = "<group>"; };
		4FF2179D1A20E9BC0005449B /* ViewController.m */ = {isa = PBXFileReference; lastKnownFileType = sourcecode.c.objc; path = ViewController.m; sourceTree = "<group>"; };
		4FF217A01A20E9BC0005449B /* Base */ = {isa = PBXFileReference; lastKnownFileType = file.storyboard; name = Base; path = Base.lproj/Main.storyboard; sourceTree = "<group>"; };
		4FF217A21A20E9BC0005449B /* Images.xcassets */ = {isa = PBXFileReference; lastKnownFileType = folder.assetcatalog; path = Images.xcassets; sourceTree = "<group>"; };
		4FF217A51A20E9BC0005449B /* Base */ = {isa = PBXFileReference; lastKnownFileType = file.xib; name = Base; path = Base.lproj/LaunchScreen.xib; sourceTree = "<group>"; };
		4FF217AB1A20E9BC0005449B /* airtimetcpTests.xctest */ = {isa = PBXFileReference; explicitFileType = wrapper.cfbundle; includeInIndex = 0; path = airtimetcpTests.xctest; sourceTree = BUILT_PRODUCTS_DIR; };
		4FF217B01A20E9BC0005449B /* Info.plist */ = {isa = PBXFileReference; lastKnownFileType = text.plist.xml; path = Info.plist; sourceTree = "<group>"; };
		4FF217B11A20E9BC0005449B /* airtimetcpTests.m */ = {isa = PBXFileReference; lastKnownFileType = sourcecode.c.objc; path = airtimetcpTests.m; sourceTree = "<group>"; };
		4FF217BD1A20EAD40005449B /* GCDAsyncSocket.h */ = {isa = PBXFileReference; fileEncoding = 4; lastKnownFileType = sourcecode.c.h; path = GCDAsyncSocket.h; sourceTree = "<group>"; };
		4FF217BE1A20EAD40005449B /* GCDAsyncSocket.m */ = {isa = PBXFileReference; fileEncoding = 4; lastKnownFileType = sourcecode.c.objc; path = GCDAsyncSocket.m; sourceTree = "<group>"; };
		4FF217C31A21038A0005449B /* NetworkManager.h */ = {isa = PBXFileReference; fileEncoding = 4; lastKnownFileType = sourcecode.c.h; path = NetworkManager.h; sourceTree = "<group>"; };
		4FF217C41A21038A0005449B /* NetworkManager.m */ = {isa = PBXFileReference; fileEncoding = 4; lastKnownFileType = sourcecode.c.objc; path = NetworkManager.m; sourceTree = "<group>"; };
		4FF217CC1A2215840005449B /* PackageProcessor.h */ = {isa = PBXFileReference; fileEncoding = 4; lastKnownFileType = sourcecode.c.h; path = PackageProcessor.h; sourceTree = "<group>"; };
		4FF217CD1A2215840005449B /* PackageProcessor.m */ = {isa = PBXFileReference; fileEncoding = 4; lastKnownFileType = sourcecode.c.objc; path = PackageProcessor.m; sourceTree = "<group>"; };
		4FF217CE1A2215840005449B /* Packet.h */ = {isa = PBXFileReference; fileEncoding = 4; lastKnownFileType = sourcecode.c.h; path = Packet.h; sourceTree = "<group>"; };
		4FF217CF1A2215840005449B /* Packet.m */ = {isa = PBXFileReference; fileEncoding = 4; lastKnownFileType = sourcecode.c.objc; path = Packet.m; sourceTree = "<group>"; };
/* End PBXFileReference section */

/* Begin PBXFrameworksBuildPhase section */
		4FF2178F1A20E9BC0005449B /* Frameworks */ = {
			isa = PBXFrameworksBuildPhase;
			buildActionMask = 2147483647;
			files = (
			);
			runOnlyForDeploymentPostprocessing = 0;
		};
		4FF217A81A20E9BC0005449B /* Frameworks */ = {
			isa = PBXFrameworksBuildPhase;
			buildActionMask = 2147483647;
			files = (
			);
			runOnlyForDeploymentPostprocessing = 0;
		};
/* End PBXFrameworksBuildPhase section */

/* Begin PBXGroup section */
		4FF217891A20E9BC0005449B = {
			isa = PBXGroup;
			children = (
				4FF217941A20E9BC0005449B /* airtimetcp */,
				4FF217AE1A20E9BC0005449B /* airtimetcpTests */,
				4FF217931A20E9BC0005449B /* Products */,
			);
			sourceTree = "<group>";
		};
		4FF217931A20E9BC0005449B /* Products */ = {
			isa = PBXGroup;
			children = (
				4FF217921A20E9BC0005449B /* airtimetcp.app */,
				4FF217AB1A20E9BC0005449B /* airtimetcpTests.xctest */,
			);
			name = Products;
			sourceTree = "<group>";
		};
		4FF217941A20E9BC0005449B /* airtimetcp */ = {
			isa = PBXGroup;
			children = (
				4FF217BB1A20EAD40005449B /* lib */,
				4FF217991A20E9BC0005449B /* AppDelegate.h */,
				4FF2179A1A20E9BC0005449B /* AppDelegate.m */,
				4FF2179C1A20E9BC0005449B /* ViewController.h */,
				4FF2179D1A20E9BC0005449B /* ViewController.m */,
				4FF217C31A21038A0005449B /* NetworkManager.h */,
				4FF217C41A21038A0005449B /* NetworkManager.m */,
				4FF2179F1A20E9BC0005449B /* Main.storyboard */,
				4FF217A21A20E9BC0005449B /* Images.xcassets */,
				4FF217A41A20E9BC0005449B /* LaunchScreen.xib */,
				4FF217CC1A2215840005449B /* PackageProcessor.h */,
				4FF217CD1A2215840005449B /* PackageProcessor.m */,
				4FF217CE1A2215840005449B /* Packet.h */,
				4FF217CF1A2215840005449B /* Packet.m */,
				4FF217951A20E9BC0005449B /* Supporting Files */,
			);
			path = airtimetcp;
			sourceTree = "<group>";
		};
		4FF217951A20E9BC0005449B /* Supporting Files */ = {
			isa = PBXGroup;
			children = (
				4FF217961A20E9BC0005449B /* Info.plist */,
				4FF217971A20E9BC0005449B /* main.m */,
			);
			name = "Supporting Files";
			sourceTree = "<group>";
		};
		4FF217AE1A20E9BC0005449B /* airtimetcpTests */ = {
			isa = PBXGroup;
			children = (
				4FF217B11A20E9BC0005449B /* airtimetcpTests.m */,
				4FF217AF1A20E9BC0005449B /* Supporting Files */,
			);
			path = airtimetcpTests;
			sourceTree = "<group>";
		};
		4FF217AF1A20E9BC0005449B /* Supporting Files */ = {
			isa = PBXGroup;
			children = (
				4FF217B01A20E9BC0005449B /* Info.plist */,
			);
			name = "Supporting Files";
			sourceTree = "<group>";
		};
		4FF217BB1A20EAD40005449B /* lib */ = {
			isa = PBXGroup;
			children = (
				4FF217BC1A20EAD40005449B /* TCP */,
			);
			path = lib;
			sourceTree = "<group>";
		};
		4FF217BC1A20EAD40005449B /* TCP */ = {
			isa = PBXGroup;
			children = (
				4FF217BD1A20EAD40005449B /* GCDAsyncSocket.h */,
				4FF217BE1A20EAD40005449B /* GCDAsyncSocket.m */,
			);
			path = TCP;
			sourceTree = "<group>";
		};
/* End PBXGroup section */

/* Begin PBXNativeTarget section */
		4FF217911A20E9BC0005449B /* airtimetcp */ = {
			isa = PBXNativeTarget;
			buildConfigurationList = 4FF217B51A20E9BC0005449B /* Build configuration list for PBXNativeTarget "airtimetcp" */;
			buildPhases = (
				4FF2178E1A20E9BC0005449B /* Sources */,
				4FF2178F1A20E9BC0005449B /* Frameworks */,
				4FF217901A20E9BC0005449B /* Resources */,
			);
			buildRules = (
			);
			dependencies = (
			);
			name = airtimetcp;
			productName = airtimetcp;
			productReference = 4FF217921A20E9BC0005449B /* airtimetcp.app */;
			productType = "com.apple.product-type.application";
		};
		4FF217AA1A20E9BC0005449B /* airtimetcpTests */ = {
			isa = PBXNativeTarget;
			buildConfigurationList = 4FF217B81A20E9BC0005449B /* Build configuration list for PBXNativeTarget "airtimetcpTests" */;
			buildPhases = (
				4FF217A71A20E9BC0005449B /* Sources */,
				4FF217A81A20E9BC0005449B /* Frameworks */,
				4FF217A91A20E9BC0005449B /* Resources */,
			);
			buildRules = (
			);
			dependencies = (
				4FF217AD1A20E9BC0005449B /* PBXTargetDependency */,
			);
			name = airtimetcpTests;
			productName = airtimetcpTests;
			productReference = 4FF217AB1A20E9BC0005449B /* airtimetcpTests.xctest */;
			productType = "com.apple.product-type.bundle.unit-test";
		};
/* End PBXNativeTarget section */

/* Begin PBXProject section */
		4FF2178A1A20E9BC0005449B /* Project object */ = {
			isa = PBXProject;
			attributes = {
				LastUpgradeCheck = 0610;
				ORGANIZATIONNAME = "Jason Liang";
				TargetAttributes = {
					4FF217911A20E9BC0005449B = {
						CreatedOnToolsVersion = 6.1;
					};
					4FF217AA1A20E9BC0005449B = {
						CreatedOnToolsVersion = 6.1;
						TestTargetID = 4FF217911A20E9BC0005449B;
					};
				};
			};
			buildConfigurationList = 4FF2178D1A20E9BC0005449B /* Build configuration list for PBXProject "airtimetcp" */;
			compatibilityVersion = "Xcode 3.2";
			developmentRegion = English;
			hasScannedForEncodings = 0;
			knownRegions = (
				en,
				Base,
			);
			mainGroup = 4FF217891A20E9BC0005449B;
			productRefGroup = 4FF217931A20E9BC0005449B /* Products */;
			projectDirPath = "";
			projectRoot = "";
			targets = (
				4FF217911A20E9BC0005449B /* airtimetcp */,
				4FF217AA1A20E9BC0005449B /* airtimetcpTests */,
			);
		};
/* End PBXProject section */

/* Begin PBXResourcesBuildPhase section */
		4FF217901A20E9BC0005449B /* Resources */ = {
			isa = PBXResourcesBuildPhase;
			buildActionMask = 2147483647;
			files = (
				4FF217A11A20E9BC0005449B /* Main.storyboard in Resources */,
				4FF217A61A20E9BC0005449B /* LaunchScreen.xib in Resources */,
				4FF217A31A20E9BC0005449B /* Images.xcassets in Resources */,
			);
			runOnlyForDeploymentPostprocessing = 0;
		};
		4FF217A91A20E9BC0005449B /* Resources */ = {
			isa = PBXResourcesBuildPhase;
			buildActionMask = 2147483647;
			files = (
			);
			runOnlyForDeploymentPostprocessing = 0;
		};
/* End PBXResourcesBuildPhase section */

/* Begin PBXSourcesBuildPhase section */
		4FF2178E1A20E9BC0005449B /* Sources */ = {
			isa = PBXSourcesBuildPhase;
			buildActionMask = 2147483647;
			files = (
				4FF217D01A2215840005449B /* PackageProcessor.m in Sources */,
				4FF217BF1A20EAD40005449B /* GCDAsyncSocket.m in Sources */,
				4FF2179E1A20E9BC0005449B /* ViewController.m in Sources */,
				4FF2179B1A20E9BC0005449B /* AppDelegate.m in Sources */,
				4FF217D11A2215840005449B /* Packet.m in Sources */,
				4FF217C51A21038A0005449B /* NetworkManager.m in Sources */,
				4FF217981A20E9BC0005449B /* main.m in Sources */,
			);
			runOnlyForDeploymentPostprocessing = 0;
		};
		4FF217A71A20E9BC0005449B /* Sources */ = {
			isa = PBXSourcesBuildPhase;
			buildActionMask = 2147483647;
			files = (
				4FF217B21A20E9BC0005449B /* airtimetcpTests.m in Sources */,
			);
			runOnlyForDeploymentPostprocessing = 0;
		};
/* End PBXSourcesBuildPhase section */

/* Begin PBXTargetDependency section */
		4FF217AD1A20E9BC0005449B /* PBXTargetDependency */ = {
			isa = PBXTargetDependency;
			target = 4FF217911A20E9BC0005449B /* airtimetcp */;
			targetProxy = 4FF217AC1A20E9BC0005449B /* PBXContainerItemProxy */;
		};
/* End PBXTargetDependency section */

/* Begin PBXVariantGroup section */
		4FF2179F1A20E9BC0005449B /* Main.storyboard */ = {
			isa = PBXVariantGroup;
			children = (
				4FF217A01A20E9BC0005449B /* Base */,
			);
			name = Main.storyboard;
			sourceTree = "<group>";
		};
		4FF217A41A20E9BC0005449B /* LaunchScreen.xib */ = {
			isa = PBXVariantGroup;
			children = (
				4FF217A51A20E9BC0005449B /* Base */,
			);
			name = LaunchScreen.xib;
			sourceTree = "<group>";
		};
/* End PBXVariantGroup section */

/* Begin XCBuildConfiguration section */
		4FF217B31A20E9BC0005449B /* Debug */ = {
			isa = XCBuildConfiguration;
			buildSettings = {
				ALWAYS_SEARCH_USER_PATHS = NO;
				CLANG_CXX_LANGUAGE_STANDARD = "gnu++0x";
				CLANG_CXX_LIBRARY = "libc++";
				CLANG_ENABLE_MODULES = YES;
				CLANG_ENABLE_OBJC_ARC = YES;
				CLANG_WARN_BOOL_CONVERSION = YES;
				CLANG_WARN_CONSTANT_CONVERSION = YES;
				CLANG_WARN_DIRECT_OBJC_ISA_USAGE = YES_ERROR;
				CLANG_WARN_EMPTY_BODY = YES;
				CLANG_WARN_ENUM_CONVERSION = YES;
				CLANG_WARN_INT_CONVERSION = YES;
				CLANG_WARN_OBJC_ROOT_CLASS = YES_ERROR;
				CLANG_WARN_UNREACHABLE_CODE = YES;
				CLANG_WARN__DUPLICATE_METHOD_MATCH = YES;
				"CODE_SIGN_IDENTITY[sdk=iphoneos*]" = "iPhone Developer";
				COPY_PHASE_STRIP = NO;
				ENABLE_STRICT_OBJC_MSGSEND = YES;
				GCC_C_LANGUAGE_STANDARD = gnu99;
				GCC_DYNAMIC_NO_PIC = NO;
				GCC_OPTIMIZATION_LEVEL = 0;
				GCC_PREPROCESSOR_DEFINITIONS = (
					"DEBUG=1",
					"$(inherited)",
				);
				GCC_SYMBOLS_PRIVATE_EXTERN = NO;
				GCC_WARN_64_TO_32_BIT_CONVERSION = YES;
				GCC_WARN_ABOUT_RETURN_TYPE = YES_ERROR;
				GCC_WARN_UNDECLARED_SELECTOR = YES;
				GCC_WARN_UNINITIALIZED_AUTOS = YES_AGGRESSIVE;
				GCC_WARN_UNUSED_FUNCTION = YES;
				GCC_WARN_UNUSED_VARIABLE = YES;
				IPHONEOS_DEPLOYMENT_TARGET = 8.1;
				MTL_ENABLE_DEBUG_INFO = YES;
				ONLY_ACTIVE_ARCH = YES;
				SDKROOT = iphoneos;
			};
			name = Debug;
		};
		4FF217B41A20E9BC0005449B /* Release */ = {
			isa = XCBuildConfiguration;
			buildSettings = {
				ALWAYS_SEARCH_USER_PATHS = NO;
				CLANG_CXX_LANGUAGE_STANDARD = "gnu++0x";
				CLANG_CXX_LIBRARY = "libc++";
				CLANG_ENABLE_MODULES = YES;
				CLANG_ENABLE_OBJC_ARC = YES;
				CLANG_WARN_BOOL_CONVERSION = YES;
				CLANG_WARN_CONSTANT_CONVERSION = YES;
				CLANG_WARN_DIRECT_OBJC_ISA_USAGE = YES_ERROR;
				CLANG_WARN_EMPTY_BODY = YES;
				CLANG_WARN_ENUM_CONVERSION = YES;
				CLANG_WARN_INT_CONVERSION = YES;
				CLANG_WARN_OBJC_ROOT_CLASS = YES_ERROR;
				CLANG_WARN_UNREACHABLE_CODE = YES;
				CLANG_WARN__DUPLICATE_METHOD_MATCH = YES;
				"CODE_SIGN_IDENTITY[sdk=iphoneos*]" = "iPhone Developer";
				COPY_PHASE_STRIP = YES;
				ENABLE_NS_ASSERTIONS = NO;
				ENABLE_STRICT_OBJC_MSGSEND = YES;
				GCC_C_LANGUAGE_STANDARD = gnu99;
				GCC_WARN_64_TO_32_BIT_CONVERSION = YES;
				GCC_WARN_ABOUT_RETURN_TYPE = YES_ERROR;
				GCC_WARN_UNDECLARED_SELECTOR = YES;
				GCC_WARN_UNINITIALIZED_AUTOS = YES_AGGRESSIVE;
				GCC_WARN_UNUSED_FUNCTION = YES;
				GCC_WARN_UNUSED_VARIABLE = YES;
				IPHONEOS_DEPLOYMENT_TARGET = 8.1;
				MTL_ENABLE_DEBUG_INFO = NO;
				SDKROOT = iphoneos;
				VALIDATE_PRODUCT = YES;
			};
			name = Release;
		};
		4FF217B61A20E9BC0005449B /* Debug */ = {
			isa = XCBuildConfiguration;
			buildSettings = {
				ASSETCATALOG_COMPILER_APPICON_NAME = AppIcon;
				INFOPLIST_FILE = airtimetcp/Info.plist;
				LD_RUNPATH_SEARCH_PATHS = "$(inherited) @executable_path/Frameworks";
				PRODUCT_NAME = "$(TARGET_NAME)";
			};
			name = Debug;
		};
		4FF217B71A20E9BC0005449B /* Release */ = {
			isa = XCBuildConfiguration;
			buildSettings = {
				ASSETCATALOG_COMPILER_APPICON_NAME = AppIcon;
				INFOPLIST_FILE = airtimetcp/Info.plist;
				LD_RUNPATH_SEARCH_PATHS = "$(inherited) @executable_path/Frameworks";
				PRODUCT_NAME = "$(TARGET_NAME)";
			};
			name = Release;
		};
		4FF217B91A20E9BC0005449B /* Debug */ = {
			isa = XCBuildConfiguration;
			buildSettings = {
				BUNDLE_LOADER = "$(TEST_HOST)";
				FRAMEWORK_SEARCH_PATHS = (
					"$(SDKROOT)/Developer/Library/Frameworks",
					"$(inherited)",
				);
				GCC_PREPROCESSOR_DEFINITIONS = (
					"DEBUG=1",
					"$(inherited)",
				);
				INFOPLIST_FILE = airtimetcpTests/Info.plist;
				LD_RUNPATH_SEARCH_PATHS = "$(inherited) @executable_path/Frameworks @loader_path/Frameworks";
				PRODUCT_NAME = "$(TARGET_NAME)";
				TEST_HOST = "$(BUILT_PRODUCTS_DIR)/airtimetcp.app/airtimetcp";
			};
			name = Debug;
		};
		4FF217BA1A20E9BC0005449B /* Release */ = {
			isa = XCBuildConfiguration;
			buildSettings = {
				BUNDLE_LOADER = "$(TEST_HOST)";
				FRAMEWORK_SEARCH_PATHS = (
					"$(SDKROOT)/Developer/Library/Frameworks",
					"$(inherited)",
				);
				INFOPLIST_FILE = airtimetcpTests/Info.plist;
				LD_RUNPATH_SEARCH_PATHS = "$(inherited) @executable_path/Frameworks @loader_path/Frameworks";
				PRODUCT_NAME = "$(TARGET_NAME)";
				TEST_HOST = "$(BUILT_PRODUCTS_DIR)/airtimetcp.app/airtimetcp";
			};
			name = Release;
		};
/* End XCBuildConfiguration section */

/* Begin XCConfigurationList section */
		4FF2178D1A20E9BC0005449B /* Build configuration list for PBXProject "airtimetcp" */ = {
			isa = XCConfigurationList;
			buildConfigurations = (
				4FF217B31A20E9BC0005449B /* Debug */,
				4FF217B41A20E9BC0005449B /* Release */,
			);
			defaultConfigurationIsVisible = 0;
			defaultConfigurationName = Release;
		};
		4FF217B51A20E9BC0005449B /* Build configuration list for PBXNativeTarget "airtimetcp" */ = {
			isa = XCConfigurationList;
			buildConfigurations = (
				4FF217B61A20E9BC0005449B /* Debug */,
				4FF217B71A20E9BC0005449B /* Release */,
			);
			defaultConfigurationIsVisible = 0;
			defaultConfigurationName = Release;
		};
		4FF217B81A20E9BC0005449B /* Build configuration list for PBXNativeTarget "airtimetcpTests" */ = {
			isa = XCConfigurationList;
			buildConfigurations = (
				4FF217B91A20E9BC0005449B /* Debug */,
				4FF217BA1A20E9BC0005449B /* Release */,
			);
			defaultConfigurationIsVisible = 0;
			defaultConfigurationName = Release;
		};
/* End XCConfigurationList section */
	};
	rootObject = 4FF2178A1A20E9BC0005449B /* Project object */;
}
